
Microsoft Visual Studio Solution File, Format Version 12.00
# Visual Studio Version 17
VisualStudioVersion = 17.8.34219.65
MinimumVisualStudioVersion = 10.0.40219.1
Project("{FAE04EC0-301F-11D3-BF4B-00C04F79EFBC}") = "Catch the Bee", "Catch the Bee\Catch the Bee.csproj", "{16E0E5ED-8C6D-42A8-82E9-3235FA04CF86}"
EndProject
Global
	GlobalSection(SolutionConfigurationPlatforms) = preSolution
		Debug|Any CPU = Debug|Any CPU
		Release|Any CPU = Release|Any CPU
	EndGlobalSection
	GlobalSection(ProjectConfigurationPlatforms) = postSolution
		{16E0E5ED-8C6D-42A8-82E9-3235FA04CF86}.Debug|Any CPU.ActiveCfg = Debug|Any CPU
		{16E0E5ED-8C6D-42A8-82E9-3235FA04CF86}.Debug|Any CPU.Build.0 = Debug|Any CPU
		{16E0E5ED-8C6D-42A8-82E9-3235FA04CF86}.Release|Any CPU.ActiveCfg = Release|Any CPU
		{16E0E5ED-8C6D-42A8-82E9-3235FA04CF86}.Release|Any CPU.Build.0 = Release|Any CPU
	EndGlobalSection
	GlobalSection(SolutionProperties) = preSolution
		HideSolutionNode = FALSE
	EndGlobalSection
	GlobalSection(ExtensibilityGlobals) = postSolution
		SolutionGuid = {2676B25F-8843-4860-9ADA-3E343911FAF7}
	EndGlobalSection
EndGlobal
